
Microsoft Visual Studio Solution File, Format Version 12.00
# Visual Studio Version 16
VisualStudioVersion = 16.0.29409.12
MinimumVisualStudioVersion = 10.0.40219.1
Project("{9A19103F-16F7-4668-BE54-9A1E7A4F7556}") = "MinesweeperSolver.Console", "MinesweeperSolver.Console\MinesweeperSolver.Console.csproj", "{FC5F84B3-5E64-4E29-8E4F-4C3E3257D72C}"
EndProject
Project("{9A19103F-16F7-4668-BE54-9A1E7A4F7556}") = "MinesweeperSolver.WebDriver", "MinesweeperSolver.WebDriver\MinesweeperSolver.WebDriver.csproj", "{D8522341-251F-4700-BE14-CCBEA8CC7B05}"
EndProject
Project("{9A19103F-16F7-4668-BE54-9A1E7A4F7556}") = "MinesweeperSolver", "MinesweeperSolver\MinesweeperSolver.csproj", "{AEE5E4A8-71EE-48B5-A000-600D2D780DD2}"
EndProject
Project("{9A19103F-16F7-4668-BE54-9A1E7A4F7556}") = "MinesweeperSolver.Tests", "MinesweeperSolver.Tests\MinesweeperSolver.Tests.csproj", "{2D8F91AE-35D5-4BBC-84A7-F6A2C7AD7FD1}"
EndProject
Project("{FAE04EC0-301F-11D3-BF4B-00C04F79EFBC}") = "MinesweeperSolver.Models", "MinesweeperSolver.Models\MinesweeperSolver.Models.csproj", "{47733A75-4412-429E-B192-F2A89AEC2C0F}"
EndProject
Global
	GlobalSection(SolutionConfigurationPlatforms) = preSolution
		Debug|Any CPU = Debug|Any CPU
		Release|Any CPU = Release|Any CPU
	EndGlobalSection
	GlobalSection(ProjectConfigurationPlatforms) = postSolution
		{FC5F84B3-5E64-4E29-8E4F-4C3E3257D72C}.Debug|Any CPU.ActiveCfg = Debug|Any CPU
		{FC5F84B3-5E64-4E29-8E4F-4C3E3257D72C}.Debug|Any CPU.Build.0 = Debug|Any CPU
		{FC5F84B3-5E64-4E29-8E4F-4C3E3257D72C}.Release|Any CPU.ActiveCfg = Release|Any CPU
		{FC5F84B3-5E64-4E29-8E4F-4C3E3257D72C}.Release|Any CPU.Build.0 = Release|Any CPU
		{D8522341-251F-4700-BE14-CCBEA8CC7B05}.Debug|Any CPU.ActiveCfg = Debug|Any CPU
		{D8522341-251F-4700-BE14-CCBEA8CC7B05}.Debug|Any CPU.Build.0 = Debug|Any CPU
		{D8522341-251F-4700-BE14-CCBEA8CC7B05}.Release|Any CPU.ActiveCfg = Release|Any CPU
		{D8522341-251F-4700-BE14-CCBEA8CC7B05}.Release|Any CPU.Build.0 = Release|Any CPU
		{AEE5E4A8-71EE-48B5-A000-600D2D780DD2}.Debug|Any CPU.ActiveCfg = Debug|Any CPU
		{AEE5E4A8-71EE-48B5-A000-600D2D780DD2}.Debug|Any CPU.Build.0 = Debug|Any CPU
		{AEE5E4A8-71EE-48B5-A000-600D2D780DD2}.Release|Any CPU.ActiveCfg = Release|Any CPU
		{AEE5E4A8-71EE-48B5-A000-600D2D780DD2}.Release|Any CPU.Build.0 = Release|Any CPU
		{2D8F91AE-35D5-4BBC-84A7-F6A2C7AD7FD1}.Debug|Any CPU.ActiveCfg = Debug|Any CPU
		{2D8F91AE-35D5-4BBC-84A7-F6A2C7AD7FD1}.Debug|Any CPU.Build.0 = Debug|Any CPU
		{2D8F91AE-35D5-4BBC-84A7-F6A2C7AD7FD1}.Release|Any CPU.ActiveCfg = Release|Any CPU
		{2D8F91AE-35D5-4BBC-84A7-F6A2C7AD7FD1}.Release|Any CPU.Build.0 = Release|Any CPU
		{47733A75-4412-429E-B192-F2A89AEC2C0F}.Debug|Any CPU.ActiveCfg = Debug|Any CPU
		{47733A75-4412-429E-B192-F2A89AEC2C0F}.Debug|Any CPU.Build.0 = Debug|Any CPU
		{47733A75-4412-429E-B192-F2A89AEC2C0F}.Release|Any CPU.ActiveCfg = Release|Any CPU
		{47733A75-4412-429E-B192-F2A89AEC2C0F}.Release|Any CPU.Build.0 = Release|Any CPU
	EndGlobalSection
	GlobalSection(SolutionProperties) = preSolution
		HideSolutionNode = FALSE
	EndGlobalSection
	GlobalSection(ExtensibilityGlobals) = postSolution
		SolutionGuid = {990860CE-5DB9-4072-AFE2-A33B2CD945E3}
	EndGlobalSection
EndGlobal
